
Microsoft Visual Studio Solution File, Format Version 12.00
# Visual Studio 15
VisualStudioVersion = 15.0.27428.2015
MinimumVisualStudioVersion = 10.0.40219.1
Project("{FAE04EC0-301F-11D3-BF4B-00C04F79EFBC}") = "CreateDeviceIdentity", "CreateDeviceIdentity\CreateDeviceIdentity.csproj", "{22E6CB34-0BA3-418F-A6F4-259C23CDC7E7}"
EndProject
Project("{FAE04EC0-301F-11D3-BF4B-00C04F79EFBC}") = "ReadDeviceToCloudMessages", "ReadDeviceToCloudMessages\ReadDeviceToCloudMessages.csproj", "{3FE82D17-B913-4232-A327-C2DC5664924F}"
EndProject
Global
	GlobalSection(SolutionConfigurationPlatforms) = preSolution
		Debug|Any CPU = Debug|Any CPU
		Release|Any CPU = Release|Any CPU
	EndGlobalSection
	GlobalSection(ProjectConfigurationPlatforms) = postSolution
		{22E6CB34-0BA3-418F-A6F4-259C23CDC7E7}.Debug|Any CPU.ActiveCfg = Debug|Any CPU
		{22E6CB34-0BA3-418F-A6F4-259C23CDC7E7}.Debug|Any CPU.Build.0 = Debug|Any CPU
		{22E6CB34-0BA3-418F-A6F4-259C23CDC7E7}.Release|Any CPU.ActiveCfg = Release|Any CPU
		{22E6CB34-0BA3-418F-A6F4-259C23CDC7E7}.Release|Any CPU.Build.0 = Release|Any CPU
		{3FE82D17-B913-4232-A327-C2DC5664924F}.Debug|Any CPU.ActiveCfg = Debug|Any CPU
		{3FE82D17-B913-4232-A327-C2DC5664924F}.Debug|Any CPU.Build.0 = Debug|Any CPU
		{3FE82D17-B913-4232-A327-C2DC5664924F}.Release|Any CPU.ActiveCfg = Release|Any CPU
		{3FE82D17-B913-4232-A327-C2DC5664924F}.Release|Any CPU.Build.0 = Release|Any CPU
	EndGlobalSection
	GlobalSection(SolutionProperties) = preSolution
		HideSolutionNode = FALSE
	EndGlobalSection
	GlobalSection(ExtensibilityGlobals) = postSolution
		SolutionGuid = {6B4C4A6D-ABAC-4DA5-974C-4D6A7F796629}
	EndGlobalSection
EndGlobal
